// !$*UTF8*$!
{
	archiveVersion = 1;
	classes = {
	};
	objectVersion = 50;
	objects = {

/* Begin PBXBuildFile section */
		A005FB46216378550085AA62 /* AppDelegate.swift in Sources */ = {isa = PBXBuildFile; fileRef = A005FB45216378550085AA62 /* AppDelegate.swift */; };
		A005FB48216378550085AA62 /* ViewController.swift in Sources */ = {isa = PBXBuildFile; fileRef = A005FB47216378550085AA62 /* ViewController.swift */; };
		A005FB4B216378550085AA62 /* Main.storyboard in Resources */ = {isa = PBXBuildFile; fileRef = A005FB49216378550085AA62 /* Main.storyboard */; };
		A005FB4D216378590085AA62 /* Assets.xcassets in Resources */ = {isa = PBXBuildFile; fileRef = A005FB4C216378590085AA62 /* Assets.xcassets */; };
		A005FB50216378590085AA62 /* LaunchScreen.storyboard in Resources */ = {isa = PBXBuildFile; fileRef = A005FB4E216378590085AA62 /* LaunchScreen.storyboard */; };
		A0246ABC21637DAD006D7F0C /* Placeholder.png in Resources */ = {isa = PBXBuildFile; fileRef = A0246ABB21637DAD006D7F0C /* Placeholder.png */; };
		A0246ABE216397BE006D7F0C /* ImageFilter.swift in Sources */ = {isa = PBXBuildFile; fileRef = A0246ABD216397BD006D7F0C /* ImageFilter.swift */; };
/* End PBXBuildFile section */

/* Begin PBXFileReference section */
		A005FB42216378550085AA62 /* ConcurrencySample2.app */ = {isa = PBXFileReference; explicitFileType = wrapper.application; includeInIndex = 0; path = ConcurrencySample2.app; sourceTree = BUILT_PRODUCTS_DIR; };
		A005FB45216378550085AA62 /* AppDelegate.swift */ = {isa = PBXFileReference; lastKnownFileType = sourcecode.swift; path = AppDelegate.swift; sourceTree = "<group>"; };
		A005FB47216378550085AA62 /* ViewController.swift */ = {isa = PBXFileReference; lastKnownFileType = sourcecode.swift; path = ViewController.swift; sourceTree = "<group>"; };
		A005FB4A216378550085AA62 /* Base */ = {isa = PBXFileReference; lastKnownFileType = file.storyboard; name = Base; path = Base.lproj/Main.storyboard; sourceTree = "<group>"; };
		A005FB4C216378590085AA62 /* Assets.xcassets */ = {isa = PBXFileReference; lastKnownFileType = folder.assetcatalog; path = Assets.xcassets; sourceTree = "<group>"; };
		A005FB4F216378590085AA62 /* Base */ = {isa = PBXFileReference; lastKnownFileType = file.storyboard; name = Base; path = Base.lproj/LaunchScreen.storyboard; sourceTree = "<group>"; };
		A005FB51216378590085AA62 /* Info.plist */ = {isa = PBXFileReference; lastKnownFileType = text.plist.xml; path = Info.plist; sourceTree = "<group>"; };
		A0246ABB21637DAD006D7F0C /* Placeholder.png */ = {isa = PBXFileReference; lastKnownFileType = image.png; path = Placeholder.png; sourceTree = "<group>"; };
		A0246ABD216397BD006D7F0C /* ImageFilter.swift */ = {isa = PBXFileReference; fileEncoding = 4; lastKnownFileType = sourcecode.swift; path = ImageFilter.swift; sourceTree = "<group>"; };
/* End PBXFileReference section */

/* Begin PBXFrameworksBuildPhase section */
		A005FB3F216378550085AA62 /* Frameworks */ = {
			isa = PBXFrameworksBuildPhase;
			buildActionMask = 2147483647;
			files = (
			);
			runOnlyForDeploymentPostprocessing = 0;
		};
/* End PBXFrameworksBuildPhase section */

/* Begin PBXGroup section */
		A005FB39216378550085AA62 = {
			isa = PBXGroup;
			children = (
				A005FB44216378550085AA62 /* ConcurrencySample2 */,
				A005FB43216378550085AA62 /* Products */,
			);
			sourceTree = "<group>";
		};
		A005FB43216378550085AA62 /* Products */ = {
			isa = PBXGroup;
			children = (
				A005FB42216378550085AA62 /* ConcurrencySample2.app */,
			);
			name = Products;
			sourceTree = "<group>";
		};
		A005FB44216378550085AA62 /* ConcurrencySample2 */ = {
			isa = PBXGroup;
			children = (
				A0246ABD216397BD006D7F0C /* ImageFilter.swift */,
				A005FB45216378550085AA62 /* AppDelegate.swift */,
				A005FB47216378550085AA62 /* ViewController.swift */,
				A005FB49216378550085AA62 /* Main.storyboard */,
				A005FB4C216378590085AA62 /* Assets.xcassets */,
				A0246ABB21637DAD006D7F0C /* Placeholder.png */,
				A005FB4E216378590085AA62 /* LaunchScreen.storyboard */,
				A005FB51216378590085AA62 /* Info.plist */,
			);
			path = ConcurrencySample2;
			sourceTree = "<group>";
		};
/* End PBXGroup section */

/* Begin PBXNativeTarget section */
		A005FB41216378550085AA62 /* ConcurrencySample2 */ = {
			isa = PBXNativeTarget;
			buildConfigurationList = A005FB54216378590085AA62 /* Build configuration list for PBXNativeTarget "ConcurrencySample2" */;
			buildPhases = (
				A005FB3E216378550085AA62 /* Sources */,
				A005FB3F216378550085AA62 /* Frameworks */,
				A005FB40216378550085AA62 /* Resources */,
			);
			buildRules = (
			);
			dependencies = (
			);
			name = ConcurrencySample2;
			productName = ConcurrencySample2;
			productReference = A005FB42216378550085AA62 /* ConcurrencySample2.app */;
			productType = "com.apple.product-type.application";
		};
/* End PBXNativeTarget section */

/* Begin PBXProject section */
		A005FB3A216378550085AA62 /* Project object */ = {
			isa = PBXProject;
			attributes = {
				LastSwiftUpdateCheck = 1000;
				LastUpgradeCheck = 1000;
				ORGANIZATIONNAME = "Eduardo Jordan Muñoz";
				TargetAttributes = {
					A005FB41216378550085AA62 = {
						CreatedOnToolsVersion = 10.0;
					};
				};
			};
			buildConfigurationList = A005FB3D216378550085AA62 /* Build configuration list for PBXProject "ConcurrencySample2" */;
			compatibilityVersion = "Xcode 9.3";
			developmentRegion = en;
			hasScannedForEncodings = 0;
			knownRegions = (
				en,
				Base,
			);
			mainGroup = A005FB39216378550085AA62;
			productRefGroup = A005FB43216378550085AA62 /* Products */;
			projectDirPath = "";
			projectRoot = "";
			targets = (
				A005FB41216378550085AA62 /* ConcurrencySample2 */,
			);
		};
/* End PBXProject section */

/* Begin PBXResourcesBuildPhase section */
		A005FB40216378550085AA62 /* Resources */ = {
			isa = PBXResourcesBuildPhase;
			buildActionMask = 2147483647;
			files = (
				A005FB50216378590085AA62 /* LaunchScreen.storyboard in Resources */,
				A0246ABC21637DAD006D7F0C /* Placeholder.png in Resources */,
				A005FB4D216378590085AA62 /* Assets.xcassets in Resources */,
				A005FB4B216378550085AA62 /* Main.storyboard in Resources */,
			);
			runOnlyForDeploymentPostprocessing = 0;
		};
/* End PBXResourcesBuildPhase section */

/* Begin PBXSourcesBuildPhase section */
		A005FB3E216378550085AA62 /* Sources */ = {
			isa = PBXSourcesBuildPhase;
			buildActionMask = 2147483647;
			files = (
				A0246ABE216397BE006D7F0C /* ImageFilter.swift in Sources */,
				A005FB48216378550085AA62 /* ViewController.swift in Sources */,
				A005FB46216378550085AA62 /* AppDelegate.swift in Sources */,
			);
			runOnlyForDeploymentPostprocessing = 0;
		};
/* End PBXSourcesBuildPhase section */

/* Begin PBXVariantGroup section */
		A005FB49216378550085AA62 /* Main.storyboard */ = {
			isa = PBXVariantGroup;
			children = (
				A005FB4A216378550085AA62 /* Base */,
			);
			name = Main.storyboard;
			sourceTree = "<group>";
		};
		A005FB4E216378590085AA62 /* LaunchScreen.storyboard */ = {
			isa = PBXVariantGroup;
			children = (
				A005FB4F216378590085AA62 /* Base */,
			);
			name = LaunchScreen.storyboard;
			sourceTree = "<group>";
		};
/* End PBXVariantGroup section */

/* Begin XCBuildConfiguration section */
		A005FB52216378590085AA62 /* Debug */ = {
			isa = XCBuildConfiguration;
			buildSettings = {
				ALWAYS_SEARCH_USER_PATHS = NO;
				CLANG_ANALYZER_NONNULL = YES;
				CLANG_ANALYZER_NUMBER_OBJECT_CONVERSION = YES_AGGRESSIVE;
				CLANG_CXX_LANGUAGE_STANDARD = "gnu++14";
				CLANG_CXX_LIBRARY = "libc++";
				CLANG_ENABLE_MODULES = YES;
				CLANG_ENABLE_OBJC_ARC = YES;
				CLANG_ENABLE_OBJC_WEAK = YES;
				CLANG_WARN_BLOCK_CAPTURE_AUTORELEASING = YES;
				CLANG_WARN_BOOL_CONVERSION = YES;
				CLANG_WARN_COMMA = YES;
				CLANG_WARN_CONSTANT_CONVERSION = YES;
				CLANG_WARN_DEPRECATED_OBJC_IMPLEMENTATIONS = YES;
				CLANG_WARN_DIRECT_OBJC_ISA_USAGE = YES_ERROR;
				CLANG_WARN_DOCUMENTATION_COMMENTS = YES;
				CLANG_WARN_EMPTY_BODY = YES;
				CLANG_WARN_ENUM_CONVERSION = YES;
				CLANG_WARN_INFINITE_RECURSION = YES;
				CLANG_WARN_INT_CONVERSION = YES;
				CLANG_WARN_NON_LITERAL_NULL_CONVERSION = YES;
				CLANG_WARN_OBJC_IMPLICIT_RETAIN_SELF = YES;
				CLANG_WARN_OBJC_LITERAL_CONVERSION = YES;
				CLANG_WARN_OBJC_ROOT_CLASS = YES_ERROR;
				CLANG_WARN_RANGE_LOOP_ANALYSIS = YES;
				CLANG_WARN_STRICT_PROTOTYPES = YES;
				CLANG_WARN_SUSPICIOUS_MOVE = YES;
				CLANG_WARN_UNGUARDED_AVAILABILITY = YES_AGGRESSIVE;
				CLANG_WARN_UNREACHABLE_CODE = YES;
				CLANG_WARN__DUPLICATE_METHOD_MATCH = YES;
				CODE_SIGN_IDENTITY = "iPhone Developer";
				COPY_PHASE_STRIP = NO;
				DEBUG_INFORMATION_FORMAT = dwarf;
				ENABLE_STRICT_OBJC_MSGSEND = YES;
				ENABLE_TESTABILITY = YES;
				GCC_C_LANGUAGE_STANDARD = gnu11;
				GCC_DYNAMIC_NO_PIC = NO;
				GCC_NO_COMMON_BLOCKS = YES;
				GCC_OPTIMIZATION_LEVEL = 0;
				GCC_PREPROCESSOR_DEFINITIONS = (
					"DEBUG=1",
					"$(inherited)",
				);
				GCC_WARN_64_TO_32_BIT_CONVERSION = YES;
				GCC_WARN_ABOUT_RETURN_TYPE = YES_ERROR;
				GCC_WARN_UNDECLARED_SELECTOR = YES;
				GCC_WARN_UNINITIALIZED_AUTOS = YES_AGGRESSIVE;
				GCC_WARN_UNUSED_FUNCTION = YES;
				GCC_WARN_UNUSED_VARIABLE = YES;
				IPHONEOS_DEPLOYMENT_TARGET = 12.0;
				MTL_ENABLE_DEBUG_INFO = INCLUDE_SOURCE;
				MTL_FAST_MATH = YES;
				ONLY_ACTIVE_ARCH = YES;
				SDKROOT = iphoneos;
				SWIFT_ACTIVE_COMPILATION_CONDITIONS = DEBUG;
				SWIFT_OPTIMIZATION_LEVEL = "-Onone";
			};
			name = Debug;
		};
		A005FB53216378590085AA62 /* Release */ = {
			isa = XCBuildConfiguration;
			buildSettings = {
				ALWAYS_SEARCH_USER_PATHS = NO;
				CLANG_ANALYZER_NONNULL = YES;
				CLANG_ANALYZER_NUMBER_OBJECT_CONVERSION = YES_AGGRESSIVE;
				CLANG_CXX_LANGUAGE_STANDARD = "gnu++14";
				CLANG_CXX_LIBRARY = "libc++";
				CLANG_ENABLE_MODULES = YES;
				CLANG_ENABLE_OBJC_ARC = YES;
				CLANG_ENABLE_OBJC_WEAK = YES;
				CLANG_WARN_BLOCK_CAPTURE_AUTORELEASING = YES;
				CLANG_WARN_BOOL_CONVERSION = YES;
				CLANG_WARN_COMMA = YES;
				CLANG_WARN_CONSTANT_CONVERSION = YES;
				CLANG_WARN_DEPRECATED_OBJC_IMPLEMENTATIONS = YES;
				CLANG_WARN_DIRECT_OBJC_ISA_USAGE = YES_ERROR;
				CLANG_WARN_DOCUMENTATION_COMMENTS = YES;
				CLANG_WARN_EMPTY_BODY = YES;
				CLANG_WARN_ENUM_CONVERSION = YES;
				CLANG_WARN_INFINITE_RECURSION = YES;
				CLANG_WARN_INT_CONVERSION = YES;
				CLANG_WARN_NON_LITERAL_NULL_CONVERSION = YES;
				CLANG_WARN_OBJC_IMPLICIT_RETAIN_SELF = YES;
				CLANG_WARN_OBJC_LITERAL_CONVERSION = YES;
				CLANG_WARN_OBJC_ROOT_CLASS = YES_ERROR;
				CLANG_WARN_RANGE_LOOP_ANALYSIS = YES;
				CLANG_WARN_STRICT_PROTOTYPES = YES;
				CLANG_WARN_SUSPICIOUS_MOVE = YES;
				CLANG_WARN_UNGUARDED_AVAILABILITY = YES_AGGRESSIVE;
				CLANG_WARN_UNREACHABLE_CODE = YES;
				CLANG_WARN__DUPLICATE_METHOD_MATCH = YES;
				CODE_SIGN_IDENTITY = "iPhone Developer";
				COPY_PHASE_STRIP = NO;
				DEBUG_INFORMATION_FORMAT = "dwarf-with-dsym";
				ENABLE_NS_ASSERTIONS = NO;
				ENABLE_STRICT_OBJC_MSGSEND = YES;
				GCC_C_LANGUAGE_STANDARD = gnu11;
				GCC_NO_COMMON_BLOCKS = YES;
				GCC_WARN_64_TO_32_BIT_CONVERSION = YES;
				GCC_WARN_ABOUT_RETURN_TYPE = YES_ERROR;
				GCC_WARN_UNDECLARED_SELECTOR = YES;
				GCC_WARN_UNINITIALIZED_AUTOS = YES_AGGRESSIVE;
				GCC_WARN_UNUSED_FUNCTION = YES;
				GCC_WARN_UNUSED_VARIABLE = YES;
				IPHONEOS_DEPLOYMENT_TARGET = 12.0;
				MTL_ENABLE_DEBUG_INFO = NO;
				MTL_FAST_MATH = YES;
				SDKROOT = iphoneos;
				SWIFT_COMPILATION_MODE = wholemodule;
				SWIFT_OPTIMIZATION_LEVEL = "-O";
				VALIDATE_PRODUCT = YES;
			};
			name = Release;
		};
		A005FB55216378590085AA62 /* Debug */ = {
			isa = XCBuildConfiguration;
			buildSettings = {
				ASSETCATALOG_COMPILER_APPICON_NAME = AppIcon;
				CODE_SIGN_STYLE = Automatic;
				DEVELOPMENT_TEAM = QSL65SU6PD;
				INFOPLIST_FILE = ConcurrencySample2/Info.plist;
				LD_RUNPATH_SEARCH_PATHS = (
					"$(inherited)",
					"@executable_path/Frameworks",
				);
				PRODUCT_BUNDLE_IDENTIFIER = Jordan.ConcurrencySample2;
				PRODUCT_NAME = "$(TARGET_NAME)";
				SWIFT_VERSION = 4.2;
				TARGETED_DEVICE_FAMILY = "1,2";
			};
			name = Debug;
		};
		A005FB56216378590085AA62 /* Release */ = {
			isa = XCBuildConfiguration;
			buildSettings = {
				ASSETCATALOG_COMPILER_APPICON_NAME = AppIcon;
				CODE_SIGN_STYLE = Automatic;
				DEVELOPMENT_TEAM = QSL65SU6PD;
				INFOPLIST_FILE = ConcurrencySample2/Info.plist;
				LD_RUNPATH_SEARCH_PATHS = (
					"$(inherited)",
					"@executable_path/Frameworks",
				);
				PRODUCT_BUNDLE_IDENTIFIER = Jordan.ConcurrencySample2;
				PRODUCT_NAME = "$(TARGET_NAME)";
				SWIFT_VERSION = 4.2;
				TARGETED_DEVICE_FAMILY = "1,2";
			};
			name = Release;
		};
/* End XCBuildConfiguration section */

/* Begin XCConfigurationList section */
		A005FB3D216378550085AA62 /* Build configuration list for PBXProject "ConcurrencySample2" */ = {
			isa = XCConfigurationList;
			buildConfigurations = (
				A005FB52216378590085AA62 /* Debug */,
				A005FB53216378590085AA62 /* Release */,
			);
			defaultConfigurationIsVisible = 0;
			defaultConfigurationName = Release;
		};
		A005FB54216378590085AA62 /* Build configuration list for PBXNativeTarget "ConcurrencySample2" */ = {
			isa = XCConfigurationList;
			buildConfigurations = (
				A005FB55216378590085AA62 /* Debug */,
				A005FB56216378590085AA62 /* Release */,
			);
			defaultConfigurationIsVisible = 0;
			defaultConfigurationName = Release;
		};
/* End XCConfigurationList section */
	};
	rootObject = A005FB3A216378550085AA62 /* Project object */;
}
